
Microsoft Visual Studio Solution File, Format Version 12.00
# Visual Studio Version 16
VisualStudioVersion = 16.0.29806.167
MinimumVisualStudioVersion = 10.0.40219.1
Project("{9A19103F-16F7-4668-BE54-9A1E7A4F7556}") = "StickyNotesApp", "StickyNotesApp.csproj", "{542DCAB7-64EE-476E-80AF-8E1A1A175F65}"
EndProject
Project("{9A19103F-16F7-4668-BE54-9A1E7A4F7556}") = "APIGateway", "..\APIGateway\APIGateway.csproj", "{AC213D07-81A9-44E8-92FC-EA002C5CB77A}"
EndProject
Project("{9A19103F-16F7-4668-BE54-9A1E7A4F7556}") = "Common.Utility", "..\Common.Utility\Common.Utility.csproj", "{95169A7A-B3C4-4AD5-97AA-05A270BA0BD1}"
EndProject
Project("{9A19103F-16F7-4668-BE54-9A1E7A4F7556}") = "StickyNotesAPIService", "..\StickyNotesAPIService\StickyNotesAPIService.csproj", "{450949E2-A5D4-4820-B31E-E3F96E2B9CC5}"
EndProject
Project("{9A19103F-16F7-4668-BE54-9A1E7A4F7556}") = "StickyNotesUsersAPIService", "..\StickyNotesUsersAPIService\StickyNotesUsersAPIService.csproj", "{FB8F5280-3EFF-48DC-8D5B-E11FDCEABB62}"
EndProject
Global
	GlobalSection(SolutionConfigurationPlatforms) = preSolution
		Debug|Any CPU = Debug|Any CPU
		Release|Any CPU = Release|Any CPU
	EndGlobalSection
	GlobalSection(ProjectConfigurationPlatforms) = postSolution
		{542DCAB7-64EE-476E-80AF-8E1A1A175F65}.Debug|Any CPU.ActiveCfg = Debug|Any CPU
		{542DCAB7-64EE-476E-80AF-8E1A1A175F65}.Debug|Any CPU.Build.0 = Debug|Any CPU
		{542DCAB7-64EE-476E-80AF-8E1A1A175F65}.Release|Any CPU.ActiveCfg = Release|Any CPU
		{542DCAB7-64EE-476E-80AF-8E1A1A175F65}.Release|Any CPU.Build.0 = Release|Any CPU
		{AC213D07-81A9-44E8-92FC-EA002C5CB77A}.Debug|Any CPU.ActiveCfg = Debug|Any CPU
		{AC213D07-81A9-44E8-92FC-EA002C5CB77A}.Debug|Any CPU.Build.0 = Debug|Any CPU
		{AC213D07-81A9-44E8-92FC-EA002C5CB77A}.Release|Any CPU.ActiveCfg = Release|Any CPU
		{AC213D07-81A9-44E8-92FC-EA002C5CB77A}.Release|Any CPU.Build.0 = Release|Any CPU
		{95169A7A-B3C4-4AD5-97AA-05A270BA0BD1}.Debug|Any CPU.ActiveCfg = Debug|Any CPU
		{95169A7A-B3C4-4AD5-97AA-05A270BA0BD1}.Debug|Any CPU.Build.0 = Debug|Any CPU
		{95169A7A-B3C4-4AD5-97AA-05A270BA0BD1}.Release|Any CPU.ActiveCfg = Release|Any CPU
		{95169A7A-B3C4-4AD5-97AA-05A270BA0BD1}.Release|Any CPU.Build.0 = Release|Any CPU
		{450949E2-A5D4-4820-B31E-E3F96E2B9CC5}.Debug|Any CPU.ActiveCfg = Debug|Any CPU
		{450949E2-A5D4-4820-B31E-E3F96E2B9CC5}.Debug|Any CPU.Build.0 = Debug|Any CPU
		{450949E2-A5D4-4820-B31E-E3F96E2B9CC5}.Release|Any CPU.ActiveCfg = Release|Any CPU
		{450949E2-A5D4-4820-B31E-E3F96E2B9CC5}.Release|Any CPU.Build.0 = Release|Any CPU
		{FB8F5280-3EFF-48DC-8D5B-E11FDCEABB62}.Debug|Any CPU.ActiveCfg = Debug|Any CPU
		{FB8F5280-3EFF-48DC-8D5B-E11FDCEABB62}.Debug|Any CPU.Build.0 = Debug|Any CPU
		{FB8F5280-3EFF-48DC-8D5B-E11FDCEABB62}.Release|Any CPU.ActiveCfg = Release|Any CPU
		{FB8F5280-3EFF-48DC-8D5B-E11FDCEABB62}.Release|Any CPU.Build.0 = Release|Any CPU
	EndGlobalSection
	GlobalSection(SolutionProperties) = preSolution
		HideSolutionNode = FALSE
	EndGlobalSection
	GlobalSection(ExtensibilityGlobals) = postSolution
		SolutionGuid = {BCA6BF81-5FEF-4E61-824A-729BF4332D68}
	EndGlobalSection
EndGlobal
